
Microsoft Visual Studio Solution File, Format Version 12.00
# Visual Studio Version 16
VisualStudioVersion = 16.0.29123.88
MinimumVisualStudioVersion = 10.0.40219.1
Project("{FAE04EC0-301F-11D3-BF4B-00C04F79EFBC}") = "ZeDoGole", "ZeDoGole\ZeDoGole.csproj", "{F418921E-EAEE-4292-91B2-0574F020B795}"
EndProject
Project("{FAE04EC0-301F-11D3-BF4B-00C04F79EFBC}") = "ZeDoGole.Android", "ZeDoGole.Android\ZeDoGole.Android.csproj", "{C5B5EDD8-4435-457F-892E-706C4936DB84}"
EndProject
Global
	GlobalSection(SolutionConfigurationPlatforms) = preSolution
		Debug|Any CPU = Debug|Any CPU
		Release|Any CPU = Release|Any CPU
	EndGlobalSection
	GlobalSection(ProjectConfigurationPlatforms) = postSolution
		{F418921E-EAEE-4292-91B2-0574F020B795}.Debug|Any CPU.ActiveCfg = Debug|Any CPU
		{F418921E-EAEE-4292-91B2-0574F020B795}.Debug|Any CPU.Build.0 = Debug|Any CPU
		{F418921E-EAEE-4292-91B2-0574F020B795}.Release|Any CPU.ActiveCfg = Release|Any CPU
		{F418921E-EAEE-4292-91B2-0574F020B795}.Release|Any CPU.Build.0 = Release|Any CPU
		{C5B5EDD8-4435-457F-892E-706C4936DB84}.Debug|Any CPU.ActiveCfg = Debug|Any CPU
		{C5B5EDD8-4435-457F-892E-706C4936DB84}.Debug|Any CPU.Build.0 = Debug|Any CPU
		{C5B5EDD8-4435-457F-892E-706C4936DB84}.Debug|Any CPU.Deploy.0 = Debug|Any CPU
		{C5B5EDD8-4435-457F-892E-706C4936DB84}.Release|Any CPU.ActiveCfg = Release|Any CPU
		{C5B5EDD8-4435-457F-892E-706C4936DB84}.Release|Any CPU.Build.0 = Release|Any CPU
		{C5B5EDD8-4435-457F-892E-706C4936DB84}.Release|Any CPU.Deploy.0 = Release|Any CPU
	EndGlobalSection
	GlobalSection(SolutionProperties) = preSolution
		HideSolutionNode = FALSE
	EndGlobalSection
	GlobalSection(ExtensibilityGlobals) = postSolution
		SolutionGuid = {11F2CE16-01A7-4146-9071-C05AC5260CDD}
	EndGlobalSection
EndGlobal
